// !$*UTF8*$!
{
	archiveVersion = 1;
	classes = {
	};
	objectVersion = 46;
	objects = {

/* Begin PBXBuildFile section */
		27F0961A1C52835B00FB8E8E /* AppDelegate.swift in Sources */ = {isa = PBXBuildFile; fileRef = 27F096191C52835B00FB8E8E /* AppDelegate.swift */; };
		27F0961C1C52835B00FB8E8E /* ViewController.swift in Sources */ = {isa = PBXBuildFile; fileRef = 27F0961B1C52835B00FB8E8E /* ViewController.swift */; };
		27F0961F1C52835C00FB8E8E /* Main.storyboard in Resources */ = {isa = PBXBuildFile; fileRef = 27F0961D1C52835C00FB8E8E /* Main.storyboard */; };
		27F096211C52835C00FB8E8E /* Assets.xcassets in Resources */ = {isa = PBXBuildFile; fileRef = 27F096201C52835C00FB8E8E /* Assets.xcassets */; };
		27F096241C52835C00FB8E8E /* LaunchScreen.storyboard in Resources */ = {isa = PBXBuildFile; fileRef = 27F096221C52835C00FB8E8E /* LaunchScreen.storyboard */; };
		27F0962F1C52835C00FB8E8E /* DilemmaTests.swift in Sources */ = {isa = PBXBuildFile; fileRef = 27F0962E1C52835C00FB8E8E /* DilemmaTests.swift */; };
		27F0963A1C52835C00FB8E8E /* DilemmaUITests.swift in Sources */ = {isa = PBXBuildFile; fileRef = 27F096391C52835C00FB8E8E /* DilemmaUITests.swift */; };
/* End PBXBuildFile section */

/* Begin PBXContainerItemProxy section */
		27F0962B1C52835C00FB8E8E /* PBXContainerItemProxy */ = {
			isa = PBXContainerItemProxy;
			containerPortal = 27F0960E1C52835B00FB8E8E /* Project object */;
			proxyType = 1;
			remoteGlobalIDString = 27F096151C52835B00FB8E8E;
			remoteInfo = Dilemma;
		};
		27F096361C52835C00FB8E8E /* PBXContainerItemProxy */ = {
			isa = PBXContainerItemProxy;
			containerPortal = 27F0960E1C52835B00FB8E8E /* Project object */;
			proxyType = 1;
			remoteGlobalIDString = 27F096151C52835B00FB8E8E;
			remoteInfo = Dilemma;
		};
/* End PBXContainerItemProxy section */

/* Begin PBXFileReference section */
		27F096161C52835B00FB8E8E /* Dilemma.app */ = {isa = PBXFileReference; explicitFileType = wrapper.application; includeInIndex = 0; path = Dilemma.app; sourceTree = BUILT_PRODUCTS_DIR; };
		27F096191C52835B00FB8E8E /* AppDelegate.swift */ = {isa = PBXFileReference; lastKnownFileType = sourcecode.swift; path = AppDelegate.swift; sourceTree = "<group>"; };
		27F0961B1C52835B00FB8E8E /* ViewController.swift */ = {isa = PBXFileReference; lastKnownFileType = sourcecode.swift; path = ViewController.swift; sourceTree = "<group>"; };
		27F0961E1C52835C00FB8E8E /* Base */ = {isa = PBXFileReference; lastKnownFileType = file.storyboard; name = Base; path = Base.lproj/Main.storyboard; sourceTree = "<group>"; };
		27F096201C52835C00FB8E8E /* Assets.xcassets */ = {isa = PBXFileReference; lastKnownFileType = folder.assetcatalog; path = Assets.xcassets; sourceTree = "<group>"; };
		27F096231C52835C00FB8E8E /* Base */ = {isa = PBXFileReference; lastKnownFileType = file.storyboard; name = Base; path = Base.lproj/LaunchScreen.storyboard; sourceTree = "<group>"; };
		27F096251C52835C00FB8E8E /* Info.plist */ = {isa = PBXFileReference; lastKnownFileType = text.plist.xml; path = Info.plist; sourceTree = "<group>"; };
		27F0962A1C52835C00FB8E8E /* DilemmaTests.xctest */ = {isa = PBXFileReference; explicitFileType = wrapper.cfbundle; includeInIndex = 0; path = DilemmaTests.xctest; sourceTree = BUILT_PRODUCTS_DIR; };
		27F0962E1C52835C00FB8E8E /* DilemmaTests.swift */ = {isa = PBXFileReference; lastKnownFileType = sourcecode.swift; path = DilemmaTests.swift; sourceTree = "<group>"; };
		27F096301C52835C00FB8E8E /* Info.plist */ = {isa = PBXFileReference; lastKnownFileType = text.plist.xml; path = Info.plist; sourceTree = "<group>"; };
		27F096351C52835C00FB8E8E /* DilemmaUITests.xctest */ = {isa = PBXFileReference; explicitFileType = wrapper.cfbundle; includeInIndex = 0; path = DilemmaUITests.xctest; sourceTree = BUILT_PRODUCTS_DIR; };
		27F096391C52835C00FB8E8E /* DilemmaUITests.swift */ = {isa = PBXFileReference; lastKnownFileType = sourcecode.swift; path = DilemmaUITests.swift; sourceTree = "<group>"; };
		27F0963B1C52835C00FB8E8E /* Info.plist */ = {isa = PBXFileReference; lastKnownFileType = text.plist.xml; path = Info.plist; sourceTree = "<group>"; };
/* End PBXFileReference section */

/* Begin PBXFrameworksBuildPhase section */
		27F096131C52835B00FB8E8E /* Frameworks */ = {
			isa = PBXFrameworksBuildPhase;
			buildActionMask = 2147483647;
			files = (
			);
			runOnlyForDeploymentPostprocessing = 0;
		};
		27F096271C52835C00FB8E8E /* Frameworks */ = {
			isa = PBXFrameworksBuildPhase;
			buildActionMask = 2147483647;
			files = (
			);
			runOnlyForDeploymentPostprocessing = 0;
		};
		27F096321C52835C00FB8E8E /* Frameworks */ = {
			isa = PBXFrameworksBuildPhase;
			buildActionMask = 2147483647;
			files = (
			);
			runOnlyForDeploymentPostprocessing = 0;
		};
/* End PBXFrameworksBuildPhase section */

/* Begin PBXGroup section */
		27F0960D1C52835B00FB8E8E = {
			isa = PBXGroup;
			children = (
				27F096181C52835B00FB8E8E /* Dilemma */,
				27F0962D1C52835C00FB8E8E /* DilemmaTests */,
				27F096381C52835C00FB8E8E /* DilemmaUITests */,
				27F096171C52835B00FB8E8E /* Products */,
			);
			sourceTree = "<group>";
		};
		27F096171C52835B00FB8E8E /* Products */ = {
			isa = PBXGroup;
			children = (
				27F096161C52835B00FB8E8E /* Dilemma.app */,
				27F0962A1C52835C00FB8E8E /* DilemmaTests.xctest */,
				27F096351C52835C00FB8E8E /* DilemmaUITests.xctest */,
			);
			name = Products;
			sourceTree = "<group>";
		};
		27F096181C52835B00FB8E8E /* Dilemma */ = {
			isa = PBXGroup;
			children = (
				27F096191C52835B00FB8E8E /* AppDelegate.swift */,
				27F0961B1C52835B00FB8E8E /* ViewController.swift */,
				27F0961D1C52835C00FB8E8E /* Main.storyboard */,
				27F096201C52835C00FB8E8E /* Assets.xcassets */,
				27F096221C52835C00FB8E8E /* LaunchScreen.storyboard */,
				27F096251C52835C00FB8E8E /* Info.plist */,
			);
			path = Dilemma;
			sourceTree = "<group>";
		};
		27F0962D1C52835C00FB8E8E /* DilemmaTests */ = {
			isa = PBXGroup;
			children = (
				27F0962E1C52835C00FB8E8E /* DilemmaTests.swift */,
				27F096301C52835C00FB8E8E /* Info.plist */,
			);
			path = DilemmaTests;
			sourceTree = "<group>";
		};
		27F096381C52835C00FB8E8E /* DilemmaUITests */ = {
			isa = PBXGroup;
			children = (
				27F096391C52835C00FB8E8E /* DilemmaUITests.swift */,
				27F0963B1C52835C00FB8E8E /* Info.plist */,
			);
			path = DilemmaUITests;
			sourceTree = "<group>";
		};
/* End PBXGroup section */

/* Begin PBXNativeTarget section */
		27F096151C52835B00FB8E8E /* Dilemma */ = {
			isa = PBXNativeTarget;
			buildConfigurationList = 27F0963E1C52835C00FB8E8E /* Build configuration list for PBXNativeTarget "Dilemma" */;
			buildPhases = (
				27F096121C52835B00FB8E8E /* Sources */,
				27F096131C52835B00FB8E8E /* Frameworks */,
				27F096141C52835B00FB8E8E /* Resources */,
			);
			buildRules = (
			);
			dependencies = (
			);
			name = Dilemma;
			productName = Dilemma;
			productReference = 27F096161C52835B00FB8E8E /* Dilemma.app */;
			productType = "com.apple.product-type.application";
		};
		27F096291C52835C00FB8E8E /* DilemmaTests */ = {
			isa = PBXNativeTarget;
			buildConfigurationList = 27F096411C52835C00FB8E8E /* Build configuration list for PBXNativeTarget "DilemmaTests" */;
			buildPhases = (
				27F096261C52835C00FB8E8E /* Sources */,
				27F096271C52835C00FB8E8E /* Frameworks */,
				27F096281C52835C00FB8E8E /* Resources */,
			);
			buildRules = (
			);
			dependencies = (
				27F0962C1C52835C00FB8E8E /* PBXTargetDependency */,
			);
			name = DilemmaTests;
			productName = DilemmaTests;
			productReference = 27F0962A1C52835C00FB8E8E /* DilemmaTests.xctest */;
			productType = "com.apple.product-type.bundle.unit-test";
		};
		27F096341C52835C00FB8E8E /* DilemmaUITests */ = {
			isa = PBXNativeTarget;
			buildConfigurationList = 27F096441C52835C00FB8E8E /* Build configuration list for PBXNativeTarget "DilemmaUITests" */;
			buildPhases = (
				27F096311C52835C00FB8E8E /* Sources */,
				27F096321C52835C00FB8E8E /* Frameworks */,
				27F096331C52835C00FB8E8E /* Resources */,
			);
			buildRules = (
			);
			dependencies = (
				27F096371C52835C00FB8E8E /* PBXTargetDependency */,
			);
			name = DilemmaUITests;
			productName = DilemmaUITests;
			productReference = 27F096351C52835C00FB8E8E /* DilemmaUITests.xctest */;
			productType = "com.apple.product-type.bundle.ui-testing";
		};
/* End PBXNativeTarget section */

/* Begin PBXProject section */
		27F0960E1C52835B00FB8E8E /* Project object */ = {
			isa = PBXProject;
			attributes = {
				LastSwiftUpdateCheck = 0720;
				LastUpgradeCheck = 0720;
				ORGANIZATIONNAME = "Kyle Bashour";
				TargetAttributes = {
					27F096151C52835B00FB8E8E = {
						CreatedOnToolsVersion = 7.2;
					};
					27F096291C52835C00FB8E8E = {
						CreatedOnToolsVersion = 7.2;
						TestTargetID = 27F096151C52835B00FB8E8E;
					};
					27F096341C52835C00FB8E8E = {
						CreatedOnToolsVersion = 7.2;
						TestTargetID = 27F096151C52835B00FB8E8E;
					};
				};
			};
			buildConfigurationList = 27F096111C52835B00FB8E8E /* Build configuration list for PBXProject "Dilemma" */;
			compatibilityVersion = "Xcode 3.2";
			developmentRegion = English;
			hasScannedForEncodings = 0;
			knownRegions = (
				en,
				Base,
			);
			mainGroup = 27F0960D1C52835B00FB8E8E;
			productRefGroup = 27F096171C52835B00FB8E8E /* Products */;
			projectDirPath = "";
			projectRoot = "";
			targets = (
				27F096151C52835B00FB8E8E /* Dilemma */,
				27F096291C52835C00FB8E8E /* DilemmaTests */,
				27F096341C52835C00FB8E8E /* DilemmaUITests */,
			);
		};
/* End PBXProject section */

/* Begin PBXResourcesBuildPhase section */
		27F096141C52835B00FB8E8E /* Resources */ = {
			isa = PBXResourcesBuildPhase;
			buildActionMask = 2147483647;
			files = (
				27F096241C52835C00FB8E8E /* LaunchScreen.storyboard in Resources */,
				27F096211C52835C00FB8E8E /* Assets.xcassets in Resources */,
				27F0961F1C52835C00FB8E8E /* Main.storyboard in Resources */,
			);
			runOnlyForDeploymentPostprocessing = 0;
		};
		27F096281C52835C00FB8E8E /* Resources */ = {
			isa = PBXResourcesBuildPhase;
			buildActionMask = 2147483647;
			files = (
			);
			runOnlyForDeploymentPostprocessing = 0;
		};
		27F096331C52835C00FB8E8E /* Resources */ = {
			isa = PBXResourcesBuildPhase;
			buildActionMask = 2147483647;
			files = (
			);
			runOnlyForDeploymentPostprocessing = 0;
		};
/* End PBXResourcesBuildPhase section */

/* Begin PBXSourcesBuildPhase section */
		27F096121C52835B00FB8E8E /* Sources */ = {
			isa = PBXSourcesBuildPhase;
			buildActionMask = 2147483647;
			files = (
				27F0961C1C52835B00FB8E8E /* ViewController.swift in Sources */,
				27F0961A1C52835B00FB8E8E /* AppDelegate.swift in Sources */,
			);
			runOnlyForDeploymentPostprocessing = 0;
		};
		27F096261C52835C00FB8E8E /* Sources */ = {
			isa = PBXSourcesBuildPhase;
			buildActionMask = 2147483647;
			files = (
				27F0962F1C52835C00FB8E8E /* DilemmaTests.swift in Sources */,
			);
			runOnlyForDeploymentPostprocessing = 0;
		};
		27F096311C52835C00FB8E8E /* Sources */ = {
			isa = PBXSourcesBuildPhase;
			buildActionMask = 2147483647;
			files = (
				27F0963A1C52835C00FB8E8E /* DilemmaUITests.swift in Sources */,
			);
			runOnlyForDeploymentPostprocessing = 0;
		};
/* End PBXSourcesBuildPhase section */

/* Begin PBXTargetDependency section */
		27F0962C1C52835C00FB8E8E /* PBXTargetDependency */ = {
			isa = PBXTargetDependency;
			target = 27F096151C52835B00FB8E8E /* Dilemma */;
			targetProxy = 27F0962B1C52835C00FB8E8E /* PBXContainerItemProxy */;
		};
		27F096371C52835C00FB8E8E /* PBXTargetDependency */ = {
			isa = PBXTargetDependency;
			target = 27F096151C52835B00FB8E8E /* Dilemma */;
			targetProxy = 27F096361C52835C00FB8E8E /* PBXContainerItemProxy */;
		};
/* End PBXTargetDependency section */

/* Begin PBXVariantGroup section */
		27F0961D1C52835C00FB8E8E /* Main.storyboard */ = {
			isa = PBXVariantGroup;
			children = (
				27F0961E1C52835C00FB8E8E /* Base */,
			);
			name = Main.storyboard;
			sourceTree = "<group>";
		};
		27F096221C52835C00FB8E8E /* LaunchScreen.storyboard */ = {
			isa = PBXVariantGroup;
			children = (
				27F096231C52835C00FB8E8E /* Base */,
			);
			name = LaunchScreen.storyboard;
			sourceTree = "<group>";
		};
/* End PBXVariantGroup section */

/* Begin XCBuildConfiguration section */
		27F0963C1C52835C00FB8E8E /* Debug */ = {
			isa = XCBuildConfiguration;
			buildSettings = {
				ALWAYS_SEARCH_USER_PATHS = NO;
				CLANG_CXX_LANGUAGE_STANDARD = "gnu++0x";
				CLANG_CXX_LIBRARY = "libc++";
				CLANG_ENABLE_MODULES = YES;
				CLANG_ENABLE_OBJC_ARC = YES;
				CLANG_WARN_BOOL_CONVERSION = YES;
				CLANG_WARN_CONSTANT_CONVERSION = YES;
				CLANG_WARN_DIRECT_OBJC_ISA_USAGE = YES_ERROR;
				CLANG_WARN_EMPTY_BODY = YES;
				CLANG_WARN_ENUM_CONVERSION = YES;
				CLANG_WARN_INT_CONVERSION = YES;
				CLANG_WARN_OBJC_ROOT_CLASS = YES_ERROR;
				CLANG_WARN_UNREACHABLE_CODE = YES;
				CLANG_WARN__DUPLICATE_METHOD_MATCH = YES;
				"CODE_SIGN_IDENTITY[sdk=iphoneos*]" = "iPhone Developer";
				COPY_PHASE_STRIP = NO;
				DEBUG_INFORMATION_FORMAT = dwarf;
				ENABLE_STRICT_OBJC_MSGSEND = YES;
				ENABLE_TESTABILITY = YES;
				GCC_C_LANGUAGE_STANDARD = gnu99;
				GCC_DYNAMIC_NO_PIC = NO;
				GCC_NO_COMMON_BLOCKS = YES;
				GCC_OPTIMIZATION_LEVEL = 0;
				GCC_PREPROCESSOR_DEFINITIONS = (
					"DEBUG=1",
					"$(inherited)",
				);
				GCC_WARN_64_TO_32_BIT_CONVERSION = YES;
				GCC_WARN_ABOUT_RETURN_TYPE = YES_ERROR;
				GCC_WARN_UNDECLARED_SELECTOR = YES;
				GCC_WARN_UNINITIALIZED_AUTOS = YES_AGGRESSIVE;
				GCC_WARN_UNUSED_FUNCTION = YES;
				GCC_WARN_UNUSED_VARIABLE = YES;
				IPHONEOS_DEPLOYMENT_TARGET = 9.2;
				MTL_ENABLE_DEBUG_INFO = YES;
				ONLY_ACTIVE_ARCH = YES;
				SDKROOT = iphoneos;
				SWIFT_OPTIMIZATION_LEVEL = "-Onone";
				TARGETED_DEVICE_FAMILY = "1,2";
			};
			name = Debug;
		};
		27F0963D1C52835C00FB8E8E /* Release */ = {
			isa = XCBuildConfiguration;
			buildSettings = {
				ALWAYS_SEARCH_USER_PATHS = NO;
				CLANG_CXX_LANGUAGE_STANDARD = "gnu++0x";
				CLANG_CXX_LIBRARY = "libc++";
				CLANG_ENABLE_MODULES = YES;
				CLANG_ENABLE_OBJC_ARC = YES;
				CLANG_WARN_BOOL_CONVERSION = YES;
				CLANG_WARN_CONSTANT_CONVERSION = YES;
				CLANG_WARN_DIRECT_OBJC_ISA_USAGE = YES_ERROR;
				CLANG_WARN_EMPTY_BODY = YES;
				CLANG_WARN_ENUM_CONVERSION = YES;
				CLANG_WARN_INT_CONVERSION = YES;
				CLANG_WARN_OBJC_ROOT_CLASS = YES_ERROR;
				CLANG_WARN_UNREACHABLE_CODE = YES;
				CLANG_WARN__DUPLICATE_METHOD_MATCH = YES;
				"CODE_SIGN_IDENTITY[sdk=iphoneos*]" = "iPhone Developer";
				COPY_PHASE_STRIP = NO;
				DEBUG_INFORMATION_FORMAT = "dwarf-with-dsym";
				ENABLE_NS_ASSERTIONS = NO;
				ENABLE_STRICT_OBJC_MSGSEND = YES;
				GCC_C_LANGUAGE_STANDARD = gnu99;
				GCC_NO_COMMON_BLOCKS = YES;
				GCC_WARN_64_TO_32_BIT_CONVERSION = YES;
				GCC_WARN_ABOUT_RETURN_TYPE = YES_ERROR;
				GCC_WARN_UNDECLARED_SELECTOR = YES;
				GCC_WARN_UNINITIALIZED_AUTOS = YES_AGGRESSIVE;
				GCC_WARN_UNUSED_FUNCTION = YES;
				GCC_WARN_UNUSED_VARIABLE = YES;
				IPHONEOS_DEPLOYMENT_TARGET = 9.2;
				MTL_ENABLE_DEBUG_INFO = NO;
				SDKROOT = iphoneos;
				TARGETED_DEVICE_FAMILY = "1,2";
				VALIDATE_PRODUCT = YES;
			};
			name = Release;
		};
		27F0963F1C52835C00FB8E8E /* Debug */ = {
			isa = XCBuildConfiguration;
			buildSettings = {
				ASSETCATALOG_COMPILER_APPICON_NAME = AppIcon;
				INFOPLIST_FILE = Dilemma/Info.plist;
				LD_RUNPATH_SEARCH_PATHS = "$(inherited) @executable_path/Frameworks";
				PRODUCT_BUNDLE_IDENTIFIER = com.kylebashour.Dilemma;
				PRODUCT_NAME = "$(TARGET_NAME)";
			};
			name = Debug;
		};
		27F096401C52835C00FB8E8E /* Release */ = {
			isa = XCBuildConfiguration;
			buildSettings = {
				ASSETCATALOG_COMPILER_APPICON_NAME = AppIcon;
				INFOPLIST_FILE = Dilemma/Info.plist;
				LD_RUNPATH_SEARCH_PATHS = "$(inherited) @executable_path/Frameworks";
				PRODUCT_BUNDLE_IDENTIFIER = com.kylebashour.Dilemma;
				PRODUCT_NAME = "$(TARGET_NAME)";
			};
			name = Release;
		};
		27F096421C52835C00FB8E8E /* Debug */ = {
			isa = XCBuildConfiguration;
			buildSettings = {
				BUNDLE_LOADER = "$(TEST_HOST)";
				INFOPLIST_FILE = DilemmaTests/Info.plist;
				LD_RUNPATH_SEARCH_PATHS = "$(inherited) @executable_path/Frameworks @loader_path/Frameworks";
				PRODUCT_BUNDLE_IDENTIFIER = com.kylebashour.DilemmaTests;
				PRODUCT_NAME = "$(TARGET_NAME)";
				TEST_HOST = "$(BUILT_PRODUCTS_DIR)/Dilemma.app/Dilemma";
			};
			name = Debug;
		};
		27F096431C52835C00FB8E8E /* Release */ = {
			isa = XCBuildConfiguration;
			buildSettings = {
				BUNDLE_LOADER = "$(TEST_HOST)";
				INFOPLIST_FILE = DilemmaTests/Info.plist;
				LD_RUNPATH_SEARCH_PATHS = "$(inherited) @executable_path/Frameworks @loader_path/Frameworks";
				PRODUCT_BUNDLE_IDENTIFIER = com.kylebashour.DilemmaTests;
				PRODUCT_NAME = "$(TARGET_NAME)";
				TEST_HOST = "$(BUILT_PRODUCTS_DIR)/Dilemma.app/Dilemma";
			};
			name = Release;
		};
		27F096451C52835C00FB8E8E /* Debug */ = {
			isa = XCBuildConfiguration;
			buildSettings = {
				INFOPLIST_FILE = DilemmaUITests/Info.plist;
				LD_RUNPATH_SEARCH_PATHS = "$(inherited) @executable_path/Frameworks @loader_path/Frameworks";
				PRODUCT_BUNDLE_IDENTIFIER = com.kylebashour.DilemmaUITests;
				PRODUCT_NAME = "$(TARGET_NAME)";
				TEST_TARGET_NAME = Dilemma;
				USES_XCTRUNNER = YES;
			};
			name = Debug;
		};
		27F096461C52835C00FB8E8E /* Release */ = {
			isa = XCBuildConfiguration;
			buildSettings = {
				INFOPLIST_FILE = DilemmaUITests/Info.plist;
				LD_RUNPATH_SEARCH_PATHS = "$(inherited) @executable_path/Frameworks @loader_path/Frameworks";
				PRODUCT_BUNDLE_IDENTIFIER = com.kylebashour.DilemmaUITests;
				PRODUCT_NAME = "$(TARGET_NAME)";
				TEST_TARGET_NAME = Dilemma;
				USES_XCTRUNNER = YES;
			};
			name = Release;
		};
/* End XCBuildConfiguration section */

/* Begin XCConfigurationList section */
		27F096111C52835B00FB8E8E /* Build configuration list for PBXProject "Dilemma" */ = {
			isa = XCConfigurationList;
			buildConfigurations = (
				27F0963C1C52835C00FB8E8E /* Debug */,
				27F0963D1C52835C00FB8E8E /* Release */,
			);
			defaultConfigurationIsVisible = 0;
			defaultConfigurationName = Release;
		};
		27F0963E1C52835C00FB8E8E /* Build configuration list for PBXNativeTarget "Dilemma" */ = {
			isa = XCConfigurationList;
			buildConfigurations = (
				27F0963F1C52835C00FB8E8E /* Debug */,
				27F096401C52835C00FB8E8E /* Release */,
			);
			defaultConfigurationIsVisible = 0;
		};
		27F096411C52835C00FB8E8E /* Build configuration list for PBXNativeTarget "DilemmaTests" */ = {
			isa = XCConfigurationList;
			buildConfigurations = (
				27F096421C52835C00FB8E8E /* Debug */,
				27F096431C52835C00FB8E8E /* Release */,
			);
			defaultConfigurationIsVisible = 0;
		};
		27F096441C52835C00FB8E8E /* Build configuration list for PBXNativeTarget "DilemmaUITests" */ = {
			isa = XCConfigurationList;
			buildConfigurations = (
				27F096451C52835C00FB8E8E /* Debug */,
				27F096461C52835C00FB8E8E /* Release */,
			);
			defaultConfigurationIsVisible = 0;
		};
/* End XCConfigurationList section */
	};
	rootObject = 27F0960E1C52835B00FB8E8E /* Project object */;
}
